
Microsoft Visual Studio Solution File, Format Version 12.00
# Visual Studio 15
VisualStudioVersion = 15.0.27004.2009
MinimumVisualStudioVersion = 10.0.40219.1
Project("{FAE04EC0-301F-11D3-BF4B-00C04F79EFBC}") = "InterviewProcessAPI", "InterviewProcessAPI\InterviewProcessAPI.csproj", "{E56D2C5C-CD98-48F2-84A0-F9B41369572A}"
EndProject
Project("{FAE04EC0-301F-11D3-BF4B-00C04F79EFBC}") = "InterviewProcessLibrary", "InterviewProcessLibrary\InterviewProcessLibrary.csproj", "{39FD52E8-99B6-41E8-AE37-FB36B64E59C8}"
EndProject
Project("{FAE04EC0-301F-11D3-BF4B-00C04F79EFBC}") = "Test1", "Test1\Test1.csproj", "{E27A611B-3D4C-43FB-8433-210ED4BC1B87}"
EndProject
Global
	GlobalSection(SolutionConfigurationPlatforms) = preSolution
		Debug|Any CPU = Debug|Any CPU
		Debug|x64 = Debug|x64
		Release|Any CPU = Release|Any CPU
		Release|x64 = Release|x64
	EndGlobalSection
	GlobalSection(ProjectConfigurationPlatforms) = postSolution
		{E56D2C5C-CD98-48F2-84A0-F9B41369572A}.Debug|Any CPU.ActiveCfg = Debug|Any CPU
		{E56D2C5C-CD98-48F2-84A0-F9B41369572A}.Debug|Any CPU.Build.0 = Debug|Any CPU
		{E56D2C5C-CD98-48F2-84A0-F9B41369572A}.Debug|x64.ActiveCfg = Debug|x64
		{E56D2C5C-CD98-48F2-84A0-F9B41369572A}.Debug|x64.Build.0 = Debug|x64
		{E56D2C5C-CD98-48F2-84A0-F9B41369572A}.Release|Any CPU.ActiveCfg = Release|Any CPU
		{E56D2C5C-CD98-48F2-84A0-F9B41369572A}.Release|Any CPU.Build.0 = Release|Any CPU
		{E56D2C5C-CD98-48F2-84A0-F9B41369572A}.Release|x64.ActiveCfg = Release|x64
		{E56D2C5C-CD98-48F2-84A0-F9B41369572A}.Release|x64.Build.0 = Release|x64
		{39FD52E8-99B6-41E8-AE37-FB36B64E59C8}.Debug|Any CPU.ActiveCfg = Debug|Any CPU
		{39FD52E8-99B6-41E8-AE37-FB36B64E59C8}.Debug|Any CPU.Build.0 = Debug|Any CPU
		{39FD52E8-99B6-41E8-AE37-FB36B64E59C8}.Debug|x64.ActiveCfg = Debug|Any CPU
		{39FD52E8-99B6-41E8-AE37-FB36B64E59C8}.Debug|x64.Build.0 = Debug|Any CPU
		{39FD52E8-99B6-41E8-AE37-FB36B64E59C8}.Release|Any CPU.ActiveCfg = Release|Any CPU
		{39FD52E8-99B6-41E8-AE37-FB36B64E59C8}.Release|Any CPU.Build.0 = Release|Any CPU
		{39FD52E8-99B6-41E8-AE37-FB36B64E59C8}.Release|x64.ActiveCfg = Release|Any CPU
		{39FD52E8-99B6-41E8-AE37-FB36B64E59C8}.Release|x64.Build.0 = Release|Any CPU
		{E27A611B-3D4C-43FB-8433-210ED4BC1B87}.Debug|Any CPU.ActiveCfg = Debug|Any CPU
		{E27A611B-3D4C-43FB-8433-210ED4BC1B87}.Debug|Any CPU.Build.0 = Debug|Any CPU
		{E27A611B-3D4C-43FB-8433-210ED4BC1B87}.Debug|x64.ActiveCfg = Debug|Any CPU
		{E27A611B-3D4C-43FB-8433-210ED4BC1B87}.Debug|x64.Build.0 = Debug|Any CPU
		{E27A611B-3D4C-43FB-8433-210ED4BC1B87}.Release|Any CPU.ActiveCfg = Release|Any CPU
		{E27A611B-3D4C-43FB-8433-210ED4BC1B87}.Release|Any CPU.Build.0 = Release|Any CPU
		{E27A611B-3D4C-43FB-8433-210ED4BC1B87}.Release|x64.ActiveCfg = Release|Any CPU
		{E27A611B-3D4C-43FB-8433-210ED4BC1B87}.Release|x64.Build.0 = Release|Any CPU
	EndGlobalSection
	GlobalSection(SolutionProperties) = preSolution
		HideSolutionNode = FALSE
	EndGlobalSection
	GlobalSection(ExtensibilityGlobals) = postSolution
		SolutionGuid = {645C15F3-024C-48F7-AD9B-D1105FED457E}
	EndGlobalSection
EndGlobal
